{
  "dataset": "SkillRet, v1.1: the test split and the train split",
  "paper": "https://arxiv.org/abs/2605.05726",
  "source": "https://huggingface.co/datasets/ThakiCloud/SKILLRET",
  "licence": "Apache-2.0 for the benchmark metadata, queries and taxonomy. Each skill text keeps the licence of the repository it was scraped from, MIT or Apache-2.0, named in the license field of its record.",
  "revision": "a050ad233a504a43135bafe8cdf45574052b5729",
  "files": {
    "test-skills.jsonl": {
      "url": "https://huggingface.co/datasets/ThakiCloud/SKILLRET/resolve/a050ad233a504a43135bafe8cdf45574052b5729/data/skills/test.jsonl",
      "bytes": 117606037,
      "sha256": "1960453e422e4ba01977197580934ca3c02b2ac302dfa9c0d074707d961b7c81",
      "records": 6006
    },
    "test-queries.jsonl": {
      "url": "https://huggingface.co/datasets/ThakiCloud/SKILLRET/resolve/a050ad233a504a43135bafe8cdf45574052b5729/data/queries/test.jsonl",
      "bytes": 6053507,
      "sha256": "4d07a35f40e597f8468c6dab480c95a1f9b40ecbde80274081ba2e7c643d0f6d",
      "records": 4392
    },
    "test-qrels.jsonl": {
      "url": "https://huggingface.co/datasets/ThakiCloud/SKILLRET/resolve/a050ad233a504a43135bafe8cdf45574052b5729/data/qrels/test.jsonl",
      "bytes": 661204,
      "sha256": "edbfae0b8109de460d54e27e6235b1b47316f34956744db0571ad1b4ddb860af",
      "records": 7187
    },
    "train-skills.jsonl": {
      "url": "https://huggingface.co/datasets/ThakiCloud/SKILLRET/resolve/a050ad233a504a43135bafe8cdf45574052b5729/data/skills/train.jsonl",
      "bytes": 187920814,
      "sha256": "b4978863f6c36c1d42af4a779f86b8e5809b4709c353aa698ec494e3ed663a2b",
      "records": 10123
    },
    "train-queries.jsonl": {
      "url": "https://huggingface.co/datasets/ThakiCloud/SKILLRET/resolve/a050ad233a504a43135bafe8cdf45574052b5729/data/queries/train.jsonl",
      "bytes": 54348716,
      "sha256": "e1189e402c74d11ba57af3bbc60308cc4a9b51f29f2de265e541d0599067624c",
      "records": 63259
    },
    "train-qrels.jsonl": {
      "url": "https://huggingface.co/datasets/ThakiCloud/SKILLRET/resolve/a050ad233a504a43135bafe8cdf45574052b5729/data/qrels/train.jsonl",
      "bytes": 12591810,
      "sha256": "7480dbf936eeee9905c752a681b029bae8e13f67dcacdf4b716684ca21da83e1",
      "records": 127190
    }
  }
}
