{
  "dataset": "LongMemEval, cleaned release, S variant",
  "paper": "https://arxiv.org/abs/2410.10813",
  "source": "https://huggingface.co/datasets/xiaowu0162/longmemeval-cleaned",
  "licence": "MIT",
  "revision": "98d7416c24c778c2fee6e6f3006e7a073259d48f",
  "files": {
    "longmemeval_s_cleaned.json": {
      "url": "https://huggingface.co/datasets/xiaowu0162/longmemeval-cleaned/resolve/98d7416c24c778c2fee6e6f3006e7a073259d48f/longmemeval_s_cleaned.json",
      "bytes": 277383467,
      "sha256": "d6f21ea9d60a0d56f34a05b609c79c88a451d2ae03597821ea3d5a9678c3a442"
    }
  }
}
